
Microsoft Visual Studio Solution File, Format Version 12.00
# Visual Studio 15
VisualStudioVersion = 15.0.26430.6
MinimumVisualStudioVersion = 10.0.40219.1
Project("{FAE04EC0-301F-11D3-BF4B-00C04F79EFBC}") = "RogueElements", "RogueElements\RogueElements.csproj", "{A777BC3D-2635-401D-96D7-162178D8DFC4}"
EndProject
Project("{FAE04EC0-301F-11D3-BF4B-00C04F79EFBC}") = "RogueElements.Tests", "RogueElements.Tests\RogueElements.Tests.csproj", "{3EDB9E87-866C-4A51-A347-547D35C069BF}"
EndProject
Project("{FAE04EC0-301F-11D3-BF4B-00C04F79EFBC}") = "RogueElements.Examples", "RogueElements.Examples\RogueElements.Examples.csproj", "{D2A41E4D-9EA5-446A-905E-334164E291AE}"
EndProject
Global
	GlobalSection(SolutionConfigurationPlatforms) = preSolution
		Debug|Any CPU = Debug|Any CPU
		Debug|Mixed Platforms = Debug|Mixed Platforms
		Debug|x64 = Debug|x64
		Debug|x86 = Debug|x86
		Linux|Any CPU = Linux|Any CPU
		Linux|Mixed Platforms = Linux|Mixed Platforms
		Linux|x64 = Linux|x64
		Linux|x86 = Linux|x86
		Mac|Any CPU = Mac|Any CPU
		Mac|Mixed Platforms = Mac|Mixed Platforms
		Mac|x64 = Mac|x64
		Mac|x86 = Mac|x86
		Release|Any CPU = Release|Any CPU
		Release|Mixed Platforms = Release|Mixed Platforms
		Release|x64 = Release|x64
		Release|x86 = Release|x86
		Windows|Any CPU = Windows|Any CPU
		Windows|Mixed Platforms = Windows|Mixed Platforms
		Windows|x64 = Windows|x64
		Windows|x86 = Windows|x86
	EndGlobalSection
	GlobalSection(ProjectConfigurationPlatforms) = postSolution
		{A777BC3D-2635-401D-96D7-162178D8DFC4}.Debug|Any CPU.ActiveCfg = Debug|Any CPU
		{A777BC3D-2635-401D-96D7-162178D8DFC4}.Debug|Any CPU.Build.0 = Debug|Any CPU
		{A777BC3D-2635-401D-96D7-162178D8DFC4}.Debug|Mixed Platforms.ActiveCfg = Debug|x86
		{A777BC3D-2635-401D-96D7-162178D8DFC4}.Debug|Mixed Platforms.Build.0 = Debug|x86
		{A777BC3D-2635-401D-96D7-162178D8DFC4}.Debug|x64.ActiveCfg = Debug|x64
		{A777BC3D-2635-401D-96D7-162178D8DFC4}.Debug|x64.Build.0 = Debug|x64
		{A777BC3D-2635-401D-96D7-162178D8DFC4}.Debug|x86.ActiveCfg = Debug|x86
		{A777BC3D-2635-401D-96D7-162178D8DFC4}.Debug|x86.Build.0 = Debug|x86
		{A777BC3D-2635-401D-96D7-162178D8DFC4}.Linux|Any CPU.ActiveCfg = Release|Any CPU
		{A777BC3D-2635-401D-96D7-162178D8DFC4}.Linux|Any CPU.Build.0 = Release|Any CPU
		{A777BC3D-2635-401D-96D7-162178D8DFC4}.Linux|Mixed Platforms.ActiveCfg = Release|x86
		{A777BC3D-2635-401D-96D7-162178D8DFC4}.Linux|Mixed Platforms.Build.0 = Release|x86
		{A777BC3D-2635-401D-96D7-162178D8DFC4}.Linux|x64.ActiveCfg = Release|x64
		{A777BC3D-2635-401D-96D7-162178D8DFC4}.Linux|x64.Build.0 = Release|x64
		{A777BC3D-2635-401D-96D7-162178D8DFC4}.Linux|x86.ActiveCfg = Release|x86
		{A777BC3D-2635-401D-96D7-162178D8DFC4}.Linux|x86.Build.0 = Release|x86
		{A777BC3D-2635-401D-96D7-162178D8DFC4}.Mac|Any CPU.ActiveCfg = Release|Any CPU
		{A777BC3D-2635-401D-96D7-162178D8DFC4}.Mac|Any CPU.Build.0 = Release|Any CPU
		{A777BC3D-2635-401D-96D7-162178D8DFC4}.Mac|Mixed Platforms.ActiveCfg = Release|x86
		{A777BC3D-2635-401D-96D7-162178D8DFC4}.Mac|Mixed Platforms.Build.0 = Release|x86
		{A777BC3D-2635-401D-96D7-162178D8DFC4}.Mac|x64.ActiveCfg = Release|x64
		{A777BC3D-2635-401D-96D7-162178D8DFC4}.Mac|x64.Build.0 = Release|x64
		{A777BC3D-2635-401D-96D7-162178D8DFC4}.Mac|x86.ActiveCfg = Release|x86
		{A777BC3D-2635-401D-96D7-162178D8DFC4}.Mac|x86.Build.0 = Release|x86
		{A777BC3D-2635-401D-96D7-162178D8DFC4}.Release|Any CPU.ActiveCfg = Release|Any CPU
		{A777BC3D-2635-401D-96D7-162178D8DFC4}.Release|Any CPU.Build.0 = Release|Any CPU
		{A777BC3D-2635-401D-96D7-162178D8DFC4}.Release|Mixed Platforms.ActiveCfg = Release|x86
		{A777BC3D-2635-401D-96D7-162178D8DFC4}.Release|Mixed Platforms.Build.0 = Release|x86
		{A777BC3D-2635-401D-96D7-162178D8DFC4}.Release|x64.ActiveCfg = Release|x64
		{A777BC3D-2635-401D-96D7-162178D8DFC4}.Release|x64.Build.0 = Release|x64
		{A777BC3D-2635-401D-96D7-162178D8DFC4}.Release|x86.ActiveCfg = Release|x86
		{A777BC3D-2635-401D-96D7-162178D8DFC4}.Release|x86.Build.0 = Release|x86
		{A777BC3D-2635-401D-96D7-162178D8DFC4}.Windows|Any CPU.ActiveCfg = Release|Any CPU
		{A777BC3D-2635-401D-96D7-162178D8DFC4}.Windows|Any CPU.Build.0 = Release|Any CPU
		{A777BC3D-2635-401D-96D7-162178D8DFC4}.Windows|Mixed Platforms.ActiveCfg = Release|x86
		{A777BC3D-2635-401D-96D7-162178D8DFC4}.Windows|Mixed Platforms.Build.0 = Release|x86
		{A777BC3D-2635-401D-96D7-162178D8DFC4}.Windows|x64.ActiveCfg = Release|x64
		{A777BC3D-2635-401D-96D7-162178D8DFC4}.Windows|x64.Build.0 = Release|x64
		{A777BC3D-2635-401D-96D7-162178D8DFC4}.Windows|x86.ActiveCfg = Release|x86
		{A777BC3D-2635-401D-96D7-162178D8DFC4}.Windows|x86.Build.0 = Release|x86
		{3EDB9E87-866C-4A51-A347-547D35C069BF}.Debug|Any CPU.ActiveCfg = Debug|Any CPU
		{3EDB9E87-866C-4A51-A347-547D35C069BF}.Debug|Any CPU.Build.0 = Debug|Any CPU
		{3EDB9E87-866C-4A51-A347-547D35C069BF}.Debug|Mixed Platforms.ActiveCfg = Debug|x86
		{3EDB9E87-866C-4A51-A347-547D35C069BF}.Debug|Mixed Platforms.Build.0 = Debug|x86
		{3EDB9E87-866C-4A51-A347-547D35C069BF}.Debug|x64.ActiveCfg = Debug|x64
		{3EDB9E87-866C-4A51-A347-547D35C069BF}.Debug|x64.Build.0 = Debug|x64
		{3EDB9E87-866C-4A51-A347-547D35C069BF}.Debug|x86.ActiveCfg = Debug|x86
		{3EDB9E87-866C-4A51-A347-547D35C069BF}.Debug|x86.Build.0 = Debug|x86
		{3EDB9E87-866C-4A51-A347-547D35C069BF}.Linux|Any CPU.ActiveCfg = Release|Any CPU
		{3EDB9E87-866C-4A51-A347-547D35C069BF}.Linux|Any CPU.Build.0 = Release|Any CPU
		{3EDB9E87-866C-4A51-A347-547D35C069BF}.Linux|Mixed Platforms.ActiveCfg = Release|x86
		{3EDB9E87-866C-4A51-A347-547D35C069BF}.Linux|Mixed Platforms.Build.0 = Release|x86
		{3EDB9E87-866C-4A51-A347-547D35C069BF}.Linux|x64.ActiveCfg = Release|x64
		{3EDB9E87-866C-4A51-A347-547D35C069BF}.Linux|x64.Build.0 = Release|x64
		{3EDB9E87-866C-4A51-A347-547D35C069BF}.Linux|x86.ActiveCfg = Release|x86
		{3EDB9E87-866C-4A51-A347-547D35C069BF}.Linux|x86.Build.0 = Release|x86
		{3EDB9E87-866C-4A51-A347-547D35C069BF}.Mac|Any CPU.ActiveCfg = Release|Any CPU
		{3EDB9E87-866C-4A51-A347-547D35C069BF}.Mac|Any CPU.Build.0 = Release|Any CPU
		{3EDB9E87-866C-4A51-A347-547D35C069BF}.Mac|Mixed Platforms.ActiveCfg = Release|x86
		{3EDB9E87-866C-4A51-A347-547D35C069BF}.Mac|Mixed Platforms.Build.0 = Release|x86
		{3EDB9E87-866C-4A51-A347-547D35C069BF}.Mac|x64.ActiveCfg = Release|x64
		{3EDB9E87-866C-4A51-A347-547D35C069BF}.Mac|x64.Build.0 = Release|x64
		{3EDB9E87-866C-4A51-A347-547D35C069BF}.Mac|x86.ActiveCfg = Release|x86
		{3EDB9E87-866C-4A51-A347-547D35C069BF}.Mac|x86.Build.0 = Release|x86
		{3EDB9E87-866C-4A51-A347-547D35C069BF}.Release|Any CPU.ActiveCfg = Release|Any CPU
		{3EDB9E87-866C-4A51-A347-547D35C069BF}.Release|Any CPU.Build.0 = Release|Any CPU
		{3EDB9E87-866C-4A51-A347-547D35C069BF}.Release|Mixed Platforms.ActiveCfg = Release|x86
		{3EDB9E87-866C-4A51-A347-547D35C069BF}.Release|Mixed Platforms.Build.0 = Release|x86
		{3EDB9E87-866C-4A51-A347-547D35C069BF}.Release|x64.ActiveCfg = Release|x64
		{3EDB9E87-866C-4A51-A347-547D35C069BF}.Release|x64.Build.0 = Release|x64
		{3EDB9E87-866C-4A51-A347-547D35C069BF}.Release|x86.ActiveCfg = Release|x86
		{3EDB9E87-866C-4A51-A347-547D35C069BF}.Release|x86.Build.0 = Release|x86
		{3EDB9E87-866C-4A51-A347-547D35C069BF}.Windows|Any CPU.ActiveCfg = Release|Any CPU
		{3EDB9E87-866C-4A51-A347-547D35C069BF}.Windows|Any CPU.Build.0 = Release|Any CPU
		{3EDB9E87-866C-4A51-A347-547D35C069BF}.Windows|Mixed Platforms.ActiveCfg = Release|x86
		{3EDB9E87-866C-4A51-A347-547D35C069BF}.Windows|Mixed Platforms.Build.0 = Release|x86
		{3EDB9E87-866C-4A51-A347-547D35C069BF}.Windows|x64.ActiveCfg = Release|x64
		{3EDB9E87-866C-4A51-A347-547D35C069BF}.Windows|x64.Build.0 = Release|x64
		{3EDB9E87-866C-4A51-A347-547D35C069BF}.Windows|x86.ActiveCfg = Release|x86
		{3EDB9E87-866C-4A51-A347-547D35C069BF}.Windows|x86.Build.0 = Release|x86
		{D2A41E4D-9EA5-446A-905E-334164E291AE}.Debug|Any CPU.ActiveCfg = Debug|Any CPU
		{D2A41E4D-9EA5-446A-905E-334164E291AE}.Debug|Any CPU.Build.0 = Debug|Any CPU
		{D2A41E4D-9EA5-446A-905E-334164E291AE}.Debug|Mixed Platforms.ActiveCfg = Debug|Any CPU
		{D2A41E4D-9EA5-446A-905E-334164E291AE}.Debug|Mixed Platforms.Build.0 = Debug|Any CPU
		{D2A41E4D-9EA5-446A-905E-334164E291AE}.Debug|x64.ActiveCfg = Debug|Any CPU
		{D2A41E4D-9EA5-446A-905E-334164E291AE}.Debug|x64.Build.0 = Debug|Any CPU
		{D2A41E4D-9EA5-446A-905E-334164E291AE}.Debug|x86.ActiveCfg = Debug|Any CPU
		{D2A41E4D-9EA5-446A-905E-334164E291AE}.Debug|x86.Build.0 = Debug|Any CPU
		{D2A41E4D-9EA5-446A-905E-334164E291AE}.Linux|Any CPU.ActiveCfg = Release|Any CPU
		{D2A41E4D-9EA5-446A-905E-334164E291AE}.Linux|Any CPU.Build.0 = Release|Any CPU
		{D2A41E4D-9EA5-446A-905E-334164E291AE}.Linux|Mixed Platforms.ActiveCfg = Release|Any CPU
		{D2A41E4D-9EA5-446A-905E-334164E291AE}.Linux|Mixed Platforms.Build.0 = Release|Any CPU
		{D2A41E4D-9EA5-446A-905E-334164E291AE}.Linux|x64.ActiveCfg = Release|Any CPU
		{D2A41E4D-9EA5-446A-905E-334164E291AE}.Linux|x64.Build.0 = Release|Any CPU
		{D2A41E4D-9EA5-446A-905E-334164E291AE}.Linux|x86.ActiveCfg = Release|Any CPU
		{D2A41E4D-9EA5-446A-905E-334164E291AE}.Linux|x86.Build.0 = Release|Any CPU
		{D2A41E4D-9EA5-446A-905E-334164E291AE}.Mac|Any CPU.ActiveCfg = Release|Any CPU
		{D2A41E4D-9EA5-446A-905E-334164E291AE}.Mac|Any CPU.Build.0 = Release|Any CPU
		{D2A41E4D-9EA5-446A-905E-334164E291AE}.Mac|Mixed Platforms.ActiveCfg = Release|Any CPU
		{D2A41E4D-9EA5-446A-905E-334164E291AE}.Mac|Mixed Platforms.Build.0 = Release|Any CPU
		{D2A41E4D-9EA5-446A-905E-334164E291AE}.Mac|x64.ActiveCfg = Release|Any CPU
		{D2A41E4D-9EA5-446A-905E-334164E291AE}.Mac|x64.Build.0 = Release|Any CPU
		{D2A41E4D-9EA5-446A-905E-334164E291AE}.Mac|x86.ActiveCfg = Release|Any CPU
		{D2A41E4D-9EA5-446A-905E-334164E291AE}.Mac|x86.Build.0 = Release|Any CPU
		{D2A41E4D-9EA5-446A-905E-334164E291AE}.Release|Any CPU.ActiveCfg = Release|Any CPU
		{D2A41E4D-9EA5-446A-905E-334164E291AE}.Release|Any CPU.Build.0 = Release|Any CPU
		{D2A41E4D-9EA5-446A-905E-334164E291AE}.Release|Mixed Platforms.ActiveCfg = Release|Any CPU
		{D2A41E4D-9EA5-446A-905E-334164E291AE}.Release|Mixed Platforms.Build.0 = Release|Any CPU
		{D2A41E4D-9EA5-446A-905E-334164E291AE}.Release|x64.ActiveCfg = Release|Any CPU
		{D2A41E4D-9EA5-446A-905E-334164E291AE}.Release|x64.Build.0 = Release|Any CPU
		{D2A41E4D-9EA5-446A-905E-334164E291AE}.Release|x86.ActiveCfg = Release|Any CPU
		{D2A41E4D-9EA5-446A-905E-334164E291AE}.Release|x86.Build.0 = Release|Any CPU
		{D2A41E4D-9EA5-446A-905E-334164E291AE}.Windows|Any CPU.ActiveCfg = Release|Any CPU
		{D2A41E4D-9EA5-446A-905E-334164E291AE}.Windows|Any CPU.Build.0 = Release|Any CPU
		{D2A41E4D-9EA5-446A-905E-334164E291AE}.Windows|Mixed Platforms.ActiveCfg = Release|Any CPU
		{D2A41E4D-9EA5-446A-905E-334164E291AE}.Windows|Mixed Platforms.Build.0 = Release|Any CPU
		{D2A41E4D-9EA5-446A-905E-334164E291AE}.Windows|x64.ActiveCfg = Release|Any CPU
		{D2A41E4D-9EA5-446A-905E-334164E291AE}.Windows|x64.Build.0 = Release|Any CPU
		{D2A41E4D-9EA5-446A-905E-334164E291AE}.Windows|x86.ActiveCfg = Release|Any CPU
		{D2A41E4D-9EA5-446A-905E-334164E291AE}.Windows|x86.Build.0 = Release|Any CPU
	EndGlobalSection
	GlobalSection(SolutionProperties) = preSolution
		HideSolutionNode = FALSE
	EndGlobalSection
	GlobalSection(ExtensibilityGlobals) = postSolution
		SolutionGuid = {07C2CA3C-669E-4420-9534-31B1A0295EFA}
	EndGlobalSection
EndGlobal
