
Microsoft Visual Studio Solution File, Format Version 12.00
# Visual Studio 15
VisualStudioVersion = 15.0.26430.6
MinimumVisualStudioVersion = 10.0.40219.1
Project("{9A19103F-16F7-4668-BE54-9A1E7A4F7556}") = "RogueElements", "RogueElements\RogueElements.csproj", "{A777BC3D-2635-401D-96D7-162178D8DFC4}"
EndProject
Project("{9A19103F-16F7-4668-BE54-9A1E7A4F7556}") = "RogueElements.Tests", "RogueElements.Tests\RogueElements.Tests.csproj", "{3EDB9E87-866C-4A51-A347-547D35C069BF}"
EndProject
Project("{9A19103F-16F7-4668-BE54-9A1E7A4F7556}") = "RogueElements.Examples", "RogueElements.Examples\RogueElements.Examples.csproj", "{D2A41E4D-9EA5-446A-905E-334164E291AE}"
EndProject
Global
	GlobalSection(SolutionConfigurationPlatforms) = preSolution
		Debug|Any CPU = Debug|Any CPU
		Release|Any CPU = Release|Any CPU
	EndGlobalSection
	GlobalSection(ProjectConfigurationPlatforms) = postSolution
		{A777BC3D-2635-401D-96D7-162178D8DFC4}.Debug|Any CPU.ActiveCfg = Debug|Any CPU
		{A777BC3D-2635-401D-96D7-162178D8DFC4}.Debug|Any CPU.Build.0 = Debug|Any CPU
		{A777BC3D-2635-401D-96D7-162178D8DFC4}.Release|Any CPU.ActiveCfg = Release|Any CPU
		{A777BC3D-2635-401D-96D7-162178D8DFC4}.Release|Any CPU.Build.0 = Release|Any CPU
		{3EDB9E87-866C-4A51-A347-547D35C069BF}.Debug|Any CPU.ActiveCfg = Debug|Any CPU
		{3EDB9E87-866C-4A51-A347-547D35C069BF}.Debug|Any CPU.Build.0 = Debug|Any CPU
		{3EDB9E87-866C-4A51-A347-547D35C069BF}.Release|Any CPU.ActiveCfg = Release|Any CPU
		{3EDB9E87-866C-4A51-A347-547D35C069BF}.Release|Any CPU.Build.0 = Release|Any CPU
		{D2A41E4D-9EA5-446A-905E-334164E291AE}.Debug|Any CPU.ActiveCfg = Debug|Any CPU
		{D2A41E4D-9EA5-446A-905E-334164E291AE}.Debug|Any CPU.Build.0 = Debug|Any CPU
		{D2A41E4D-9EA5-446A-905E-334164E291AE}.Release|Any CPU.ActiveCfg = Release|Any CPU
		{D2A41E4D-9EA5-446A-905E-334164E291AE}.Release|Any CPU.Build.0 = Release|Any CPU
	EndGlobalSection
	GlobalSection(SolutionProperties) = preSolution
		HideSolutionNode = FALSE
	EndGlobalSection
	GlobalSection(ExtensibilityGlobals) = postSolution
		SolutionGuid = {07C2CA3C-669E-4420-9534-31B1A0295EFA}
	EndGlobalSection
EndGlobal
